# This file is automatically @generated by Poetry and should not be changed by hand.

[[package]]
name = "xlsxwriter"
version = "3.1.8"
description = "A Python module for creating Excel XLSX files."
category = "main"
optional = false
python-versions = ">=3.6"
files = [
    {file = "XlsxWriter-3.1.8-py3-none-any.whl", hash = "sha256:2d8d1f392b3e041adf90042dd2f7b5f7468181a45e5e9a7d8376e64b374104f1"},
    {file = "XlsxWriter-3.1.8.tar.gz", hash = "sha256:059d0786fbfa3055588e81e9d5acf4ace28394bf09353a31ae2cae635740fc15"},
]

[metadata]
lock-version = "2.0"
python-versions = "^3.10"
content-hash = "e990a26617c6c87725c492db8a2a2fc9d5ae4305e2ec7cc2477a05003fb7bdbb"
